
Microsoft Visual Studio Solution File, Format Version 12.00
# Visual Studio 15
VisualStudioVersion = 15.0.27130.2010
MinimumVisualStudioVersion = 10.0.40219.1
Project("{FAE04EC0-301F-11D3-BF4B-00C04F79EFBC}") = "DemoWebservice", "DemoWebservice\DemoWebservice.csproj", "{C1FB2A5F-4186-422F-B187-009C8226D32D}"
EndProject
Project("{FAE04EC0-301F-11D3-BF4B-00C04F79EFBC}") = "DemoConnectWebAPI", "DemoConnectWebAPI\DemoConnectWebAPI.csproj", "{6567CB46-F6AE-4387-83FE-87FD91228030}"
EndProject
Project("{FAE04EC0-301F-11D3-BF4B-00C04F79EFBC}") = "DemoWebAPI", "DemoWebAPI\DemoWebAPI.csproj", "{11B3A00A-920C-4841-97CC-D84300857D49}"
EndProject
Global
	GlobalSection(SolutionConfigurationPlatforms) = preSolution
		Debug|Any CPU = Debug|Any CPU
		Release|Any CPU = Release|Any CPU
	EndGlobalSection
	GlobalSection(ProjectConfigurationPlatforms) = postSolution
		{C1FB2A5F-4186-422F-B187-009C8226D32D}.Debug|Any CPU.ActiveCfg = Debug|Any CPU
		{C1FB2A5F-4186-422F-B187-009C8226D32D}.Debug|Any CPU.Build.0 = Debug|Any CPU
		{C1FB2A5F-4186-422F-B187-009C8226D32D}.Release|Any CPU.ActiveCfg = Release|Any CPU
		{C1FB2A5F-4186-422F-B187-009C8226D32D}.Release|Any CPU.Build.0 = Release|Any CPU
		{6567CB46-F6AE-4387-83FE-87FD91228030}.Debug|Any CPU.ActiveCfg = Debug|Any CPU
		{6567CB46-F6AE-4387-83FE-87FD91228030}.Debug|Any CPU.Build.0 = Debug|Any CPU
		{6567CB46-F6AE-4387-83FE-87FD91228030}.Release|Any CPU.ActiveCfg = Release|Any CPU
		{6567CB46-F6AE-4387-83FE-87FD91228030}.Release|Any CPU.Build.0 = Release|Any CPU
		{11B3A00A-920C-4841-97CC-D84300857D49}.Debug|Any CPU.ActiveCfg = Debug|Any CPU
		{11B3A00A-920C-4841-97CC-D84300857D49}.Debug|Any CPU.Build.0 = Debug|Any CPU
		{11B3A00A-920C-4841-97CC-D84300857D49}.Release|Any CPU.ActiveCfg = Release|Any CPU
		{11B3A00A-920C-4841-97CC-D84300857D49}.Release|Any CPU.Build.0 = Release|Any CPU
	EndGlobalSection
	GlobalSection(SolutionProperties) = preSolution
		HideSolutionNode = FALSE
	EndGlobalSection
	GlobalSection(ExtensibilityGlobals) = postSolution
		SolutionGuid = {128DE439-68FD-4583-BBDA-2725BA322ACF}
	EndGlobalSection
EndGlobal
